
Microsoft Visual Studio Solution File, Format Version 12.00
# Visual Studio Version 17
VisualStudioVersion = 17.2.32526.322
MinimumVisualStudioVersion = 10.0.40219.1
Project("{FAE04EC0-301F-11D3-BF4B-00C04F79EFBC}") = "MvcExercise", "MvcExercise\MvcExercise.csproj", "{A9C1558A-B202-4224-9167-8A548FA955A3}"
EndProject
Global
	GlobalSection(SolutionConfigurationPlatforms) = preSolution
		Debug|Any CPU = Debug|Any CPU
		Release|Any CPU = Release|Any CPU
	EndGlobalSection
	GlobalSection(ProjectConfigurationPlatforms) = postSolution
		{A9C1558A-B202-4224-9167-8A548FA955A3}.Debug|Any CPU.ActiveCfg = Debug|Any CPU
		{A9C1558A-B202-4224-9167-8A548FA955A3}.Debug|Any CPU.Build.0 = Debug|Any CPU
		{A9C1558A-B202-4224-9167-8A548FA955A3}.Release|Any CPU.ActiveCfg = Release|Any CPU
		{A9C1558A-B202-4224-9167-8A548FA955A3}.Release|Any CPU.Build.0 = Release|Any CPU
	EndGlobalSection
	GlobalSection(SolutionProperties) = preSolution
		HideSolutionNode = FALSE
	EndGlobalSection
	GlobalSection(ExtensibilityGlobals) = postSolution
		SolutionGuid = {FCBC982F-473C-4EC9-9299-6D4DCFC63B94}
	EndGlobalSection
EndGlobal
